PODS:
  - Flutter (1.0.0)
  - flutter_recaptcha_enterprise (0.0.1):
    - Flutter
    - RecaptchaEnterprise (~> 18.2.0)
  - RecaptchaEnterprise (18.2.0):
    - RecaptchaInterop (~> 18.2.0)
  - RecaptchaInterop (18.2.0)

DEPENDENCIES:
  - Flutter (from `Flutter`)
  - flutter_recaptcha_enterprise (from `.symlinks/plugins/flutter_recaptcha_enterprise/ios`)

SPEC REPOS:
  trunk:
    - RecaptchaEnterprise
    - RecaptchaInterop

EXTERNAL SOURCES:
  Flutter:
    :path: Flutter
  flutter_recaptcha_enterprise:
    :path: ".symlinks/plugins/flutter_recaptcha_enterprise/ios"

SPEC CHECKSUMS:
  Flutter: f04841e97a9d0b0a8025694d0796dd46242b2854
  flutter_recaptcha_enterprise: 8136b4cb23fe4677cc5f38ecd423de50785a6a24
  RecaptchaEnterprise: 56ceddf76a1c2fe23914d87081afa10f39cab099
  RecaptchaInterop: 6e5bca275f90cab07ca038bbe528bbdb0e2a7565

PODFILE CHECKSUM: 985e5b058f26709dc81f9ae74ea2b2775bdbcefe

COCOAPODS: 1.11.3
